// !$*UTF8*$!
{
	archiveVersion = 1;
	classes = {
	};
	objectVersion = 48;
	objects = {

/* Begin PBXBuildFile section */
		08EE0E331F832C57008A871B /* AppDelegate.swift in Sources */ = {isa = PBXBuildFile; fileRef = 08EE0E321F832C57008A871B /* AppDelegate.swift */; };
		08EE0E351F832C57008A871B /* ViewController.swift in Sources */ = {isa = PBXBuildFile; fileRef = 08EE0E341F832C57008A871B /* ViewController.swift */; };
		08EE0E381F832C57008A871B /* Main.storyboard in Resources */ = {isa = PBXBuildFile; fileRef = 08EE0E361F832C57008A871B /* Main.storyboard */; };
		08EE0E3A1F832C57008A871B /* Assets.xcassets in Resources */ = {isa = PBXBuildFile; fileRef = 08EE0E391F832C57008A871B /* Assets.xcassets */; };
		08EE0E3D1F832C57008A871B /* LaunchScreen.storyboard in Resources */ = {isa = PBXBuildFile; fileRef = 08EE0E3B1F832C57008A871B /* LaunchScreen.storyboard */; };
		08EE0E451F832C76008A871B /* CityModel.swift in Sources */ = {isa = PBXBuildFile; fileRef = 08EE0E441F832C76008A871B /* CityModel.swift */; };
		08EE0E471F832F62008A871B /* Vancouver.jpg in Resources */ = {isa = PBXBuildFile; fileRef = 08EE0E461F832F23008A871B /* Vancouver.jpg */; };
		08EE0E491F835120008A871B /* CityTableViewCell.swift in Sources */ = {isa = PBXBuildFile; fileRef = 08EE0E481F835120008A871B /* CityTableViewCell.swift */; };
		08EE0E4B1F8363ED008A871B /* Beijing.jpeg in Resources */ = {isa = PBXBuildFile; fileRef = 08EE0E4A1F8363D9008A871B /* Beijing.jpeg */; };
		08EE0E4D1F836550008A871B /* paris.jpg in Resources */ = {isa = PBXBuildFile; fileRef = 08EE0E4C1F83648A008A871B /* paris.jpg */; };
		08EE0E4F1F8366D7008A871B /* LosAngeles.jpg in Resources */ = {isa = PBXBuildFile; fileRef = 08EE0E4E1F8365AA008A871B /* LosAngeles.jpg */; };
		08EE0E511F8367AC008A871B /* London.jpg in Resources */ = {isa = PBXBuildFile; fileRef = 08EE0E501F8367A1008A871B /* London.jpg */; };
		08EE0E531F836831008A871B /* sydney.jpg in Resources */ = {isa = PBXBuildFile; fileRef = 08EE0E521F83682E008A871B /* sydney.jpg */; };
		08EE0E551F8369E0008A871B /* dubai.jpg in Resources */ = {isa = PBXBuildFile; fileRef = 08EE0E541F8368BA008A871B /* dubai.jpg */; };
		08EE0E571F8369EA008A871B /* kohSamui.png in Resources */ = {isa = PBXBuildFile; fileRef = 08EE0E561F8369E7008A871B /* kohSamui.png */; };
		08EE0E591F836BA9008A871B /* Brazzaville.jpg in Resources */ = {isa = PBXBuildFile; fileRef = 08EE0E581F836BA5008A871B /* Brazzaville.jpg */; };
		08EE0E5B1F836C95008A871B /* MexicoCity.jpg in Resources */ = {isa = PBXBuildFile; fileRef = 08EE0E5A1F836C92008A871B /* MexicoCity.jpg */; };
		08EE0E621F837687008A871B /* CityDetailViewController.swift in Sources */ = {isa = PBXBuildFile; fileRef = 08EE0E601F837544008A871B /* CityDetailViewController.swift */; };
/* End PBXBuildFile section */

/* Begin PBXFileReference section */
		08EE0E2F1F832C57008A871B /* CityWeather.app */ = {isa = PBXFileReference; explicitFileType = wrapper.application; includeInIndex = 0; path = CityWeather.app; sourceTree = BUILT_PRODUCTS_DIR; };
		08EE0E321F832C57008A871B /* AppDelegate.swift */ = {isa = PBXFileReference; lastKnownFileType = sourcecode.swift; path = AppDelegate.swift; sourceTree = "<group>"; };
		08EE0E341F832C57008A871B /* ViewController.swift */ = {isa = PBXFileReference; lastKnownFileType = sourcecode.swift; path = ViewController.swift; sourceTree = "<group>"; };
		08EE0E371F832C57008A871B /* Base */ = {isa = PBXFileReference; lastKnownFileType = file.storyboard; name = Base; path = Base.lproj/Main.storyboard; sourceTree = "<group>"; };
		08EE0E391F832C57008A871B /* Assets.xcassets */ = {isa = PBXFileReference; lastKnownFileType = folder.assetcatalog; path = Assets.xcassets; sourceTree = "<group>"; };
		08EE0E3C1F832C57008A871B /* Base */ = {isa = PBXFileReference; lastKnownFileType = file.storyboard; name = Base; path = Base.lproj/LaunchScreen.storyboard; sourceTree = "<group>"; };
		08EE0E3E1F832C57008A871B /* Info.plist */ = {isa = PBXFileReference; lastKnownFileType = text.plist.xml; path = Info.plist; sourceTree = "<group>"; };
		08EE0E441F832C76008A871B /* CityModel.swift */ = {isa = PBXFileReference; lastKnownFileType = sourcecode.swift; path = CityModel.swift; sourceTree = "<group>"; };
		08EE0E461F832F23008A871B /* Vancouver.jpg */ = {isa = PBXFileReference; lastKnownFileType = image.jpeg; name = Vancouver.jpg; path = ../../../../Downloads/Vancouver.jpg; sourceTree = "<group>"; };
		08EE0E481F835120008A871B /* CityTableViewCell.swift */ = {isa = PBXFileReference; lastKnownFileType = sourcecode.swift; path = CityTableViewCell.swift; sourceTree = "<group>"; };
		08EE0E4A1F8363D9008A871B /* Beijing.jpeg */ = {isa = PBXFileReference; lastKnownFileType = image.jpeg; name = Beijing.jpeg; path = ../../../../Downloads/Beijing.jpeg; sourceTree = "<group>"; };
		08EE0E4C1F83648A008A871B /* paris.jpg */ = {isa = PBXFileReference; lastKnownFileType = image.jpeg; name = paris.jpg; path = ../../../../Downloads/paris.jpg; sourceTree = "<group>"; };
		08EE0E4E1F8365AA008A871B /* LosAngeles.jpg */ = {isa = PBXFileReference; lastKnownFileType = image.jpeg; name = LosAngeles.jpg; path = ../../../../Downloads/LosAngeles.jpg; sourceTree = "<group>"; };
		08EE0E501F8367A1008A871B /* London.jpg */ = {isa = PBXFileReference; lastKnownFileType = image.jpeg; name = London.jpg; path = ../../../../Downloads/London.jpg; sourceTree = "<group>"; };
		08EE0E521F83682E008A871B /* sydney.jpg */ = {isa = PBXFileReference; lastKnownFileType = image.jpeg; name = sydney.jpg; path = ../../../../Downloads/sydney.jpg; sourceTree = "<group>"; };
		08EE0E541F8368BA008A871B /* dubai.jpg */ = {isa = PBXFileReference; lastKnownFileType = image.jpeg; name = dubai.jpg; path = ../../../../Downloads/dubai.jpg; sourceTree = "<group>"; };
		08EE0E561F8369E7008A871B /* kohSamui.png */ = {isa = PBXFileReference; lastKnownFileType = image.png; name = kohSamui.png; path = ../../../../Downloads/kohSamui.png; sourceTree = "<group>"; };
		08EE0E581F836BA5008A871B /* Brazzaville.jpg */ = {isa = PBXFileReference; lastKnownFileType = image.jpeg; name = Brazzaville.jpg; path = ../../../../Downloads/Brazzaville.jpg; sourceTree = "<group>"; };
		08EE0E5A1F836C92008A871B /* MexicoCity.jpg */ = {isa = PBXFileReference; lastKnownFileType = image.jpeg; name = MexicoCity.jpg; path = ../../../../Downloads/MexicoCity.jpg; sourceTree = "<group>"; };
		08EE0E601F837544008A871B /* CityDetailViewController.swift */ = {isa = PBXFileReference; lastKnownFileType = sourcecode.swift; path = CityDetailViewController.swift; sourceTree = "<group>"; };
/* End PBXFileReference section */

/* Begin PBXFrameworksBuildPhase section */
		08EE0E2C1F832C57008A871B /* Frameworks */ = {
			isa = PBXFrameworksBuildPhase;
			buildActionMask = 2147483647;
			files = (
			);
			runOnlyForDeploymentPostprocessing = 0;
		};
/* End PBXFrameworksBuildPhase section */

/* Begin PBXGroup section */
		08EE0E261F832C57008A871B = {
			isa = PBXGroup;
			children = (
				08EE0E311F832C57008A871B /* CityWeather */,
				08EE0E301F832C57008A871B /* Products */,
			);
			sourceTree = "<group>";
		};
		08EE0E301F832C57008A871B /* Products */ = {
			isa = PBXGroup;
			children = (
				08EE0E2F1F832C57008A871B /* CityWeather.app */,
			);
			name = Products;
			sourceTree = "<group>";
		};
		08EE0E311F832C57008A871B /* CityWeather */ = {
			isa = PBXGroup;
			children = (
				08EE0E321F832C57008A871B /* AppDelegate.swift */,
				08EE0E341F832C57008A871B /* ViewController.swift */,
				08EE0E601F837544008A871B /* CityDetailViewController.swift */,
				08EE0E481F835120008A871B /* CityTableViewCell.swift */,
				08EE0E441F832C76008A871B /* CityModel.swift */,
				08EE0E361F832C57008A871B /* Main.storyboard */,
				08EE0E391F832C57008A871B /* Assets.xcassets */,
				08EE0E3B1F832C57008A871B /* LaunchScreen.storyboard */,
				08EE0E3E1F832C57008A871B /* Info.plist */,
				08EE0E461F832F23008A871B /* Vancouver.jpg */,
				08EE0E4A1F8363D9008A871B /* Beijing.jpeg */,
				08EE0E4C1F83648A008A871B /* paris.jpg */,
				08EE0E4E1F8365AA008A871B /* LosAngeles.jpg */,
				08EE0E501F8367A1008A871B /* London.jpg */,
				08EE0E521F83682E008A871B /* sydney.jpg */,
				08EE0E541F8368BA008A871B /* dubai.jpg */,
				08EE0E561F8369E7008A871B /* kohSamui.png */,
				08EE0E581F836BA5008A871B /* Brazzaville.jpg */,
				08EE0E5A1F836C92008A871B /* MexicoCity.jpg */,
			);
			path = CityWeather;
			sourceTree = "<group>";
		};
/* End PBXGroup section */

/* Begin PBXNativeTarget section */
		08EE0E2E1F832C57008A871B /* CityWeather */ = {
			isa = PBXNativeTarget;
			buildConfigurationList = 08EE0E411F832C57008A871B /* Build configuration list for PBXNativeTarget "CityWeather" */;
			buildPhases = (
				08EE0E2B1F832C57008A871B /* Sources */,
				08EE0E2C1F832C57008A871B /* Frameworks */,
				08EE0E2D1F832C57008A871B /* Resources */,
			);
			buildRules = (
			);
			dependencies = (
			);
			name = CityWeather;
			productName = CityWeather;
			productReference = 08EE0E2F1F832C57008A871B /* CityWeather.app */;
			productType = "com.apple.product-type.application";
		};
/* End PBXNativeTarget section */

/* Begin PBXProject section */
		08EE0E271F832C57008A871B /* Project object */ = {
			isa = PBXProject;
			attributes = {
				LastSwiftUpdateCheck = 0900;
				LastUpgradeCheck = 0900;
				ORGANIZATIONNAME = "Leah Xia";
				TargetAttributes = {
					08EE0E2E1F832C57008A871B = {
						CreatedOnToolsVersion = 9.0;
						ProvisioningStyle = Automatic;
					};
				};
			};
			buildConfigurationList = 08EE0E2A1F832C57008A871B /* Build configuration list for PBXProject "CityWeather" */;
			compatibilityVersion = "Xcode 8.0";
			developmentRegion = en;
			hasScannedForEncodings = 0;
			knownRegions = (
				en,
				Base,
			);
			mainGroup = 08EE0E261F832C57008A871B;
			productRefGroup = 08EE0E301F832C57008A871B /* Products */;
			projectDirPath = "";
			projectRoot = "";
			targets = (
				08EE0E2E1F832C57008A871B /* CityWeather */,
			);
		};
/* End PBXProject section */

/* Begin PBXResourcesBuildPhase section */
		08EE0E2D1F832C57008A871B /* Resources */ = {
			isa = PBXResourcesBuildPhase;
			buildActionMask = 2147483647;
			files = (
				08EE0E3D1F832C57008A871B /* LaunchScreen.storyboard in Resources */,
				08EE0E571F8369EA008A871B /* kohSamui.png in Resources */,
				08EE0E471F832F62008A871B /* Vancouver.jpg in Resources */,
				08EE0E3A1F832C57008A871B /* Assets.xcassets in Resources */,
				08EE0E511F8367AC008A871B /* London.jpg in Resources */,
				08EE0E381F832C57008A871B /* Main.storyboard in Resources */,
				08EE0E5B1F836C95008A871B /* MexicoCity.jpg in Resources */,
				08EE0E531F836831008A871B /* sydney.jpg in Resources */,
				08EE0E4F1F8366D7008A871B /* LosAngeles.jpg in Resources */,
				08EE0E551F8369E0008A871B /* dubai.jpg in Resources */,
				08EE0E4B1F8363ED008A871B /* Beijing.jpeg in Resources */,
				08EE0E591F836BA9008A871B /* Brazzaville.jpg in Resources */,
				08EE0E4D1F836550008A871B /* paris.jpg in Resources */,
			);
			runOnlyForDeploymentPostprocessing = 0;
		};
/* End PBXResourcesBuildPhase section */

/* Begin PBXSourcesBuildPhase section */
		08EE0E2B1F832C57008A871B /* Sources */ = {
			isa = PBXSourcesBuildPhase;
			buildActionMask = 2147483647;
			files = (
				08EE0E351F832C57008A871B /* ViewController.swift in Sources */,
				08EE0E331F832C57008A871B /* AppDelegate.swift in Sources */,
				08EE0E491F835120008A871B /* CityTableViewCell.swift in Sources */,
				08EE0E451F832C76008A871B /* CityModel.swift in Sources */,
				08EE0E621F837687008A871B /* CityDetailViewController.swift in Sources */,
			);
			runOnlyForDeploymentPostprocessing = 0;
		};
/* End PBXSourcesBuildPhase section */

/* Begin PBXVariantGroup section */
		08EE0E361F832C57008A871B /* Main.storyboard */ = {
			isa = PBXVariantGroup;
			children = (
				08EE0E371F832C57008A871B /* Base */,
			);
			name = Main.storyboard;
			sourceTree = "<group>";
		};
		08EE0E3B1F832C57008A871B /* LaunchScreen.storyboard */ = {
			isa = PBXVariantGroup;
			children = (
				08EE0E3C1F832C57008A871B /* Base */,
			);
			name = LaunchScreen.storyboard;
			sourceTree = "<group>";
		};
/* End PBXVariantGroup section */

/* Begin XCBuildConfiguration section */
		08EE0E3F1F832C57008A871B /* Debug */ = {
			isa = XCBuildConfiguration;
			buildSettings = {
				ALWAYS_SEARCH_USER_PATHS = NO;
				CLANG_ANALYZER_NONNULL = YES;
				CLANG_ANALYZER_NUMBER_OBJECT_CONVERSION = YES_AGGRESSIVE;
				CLANG_CXX_LANGUAGE_STANDARD = "gnu++14";
				CLANG_CXX_LIBRARY = "libc++";
				CLANG_ENABLE_MODULES = YES;
				CLANG_ENABLE_OBJC_ARC = YES;
				CLANG_WARN_BLOCK_CAPTURE_AUTORELEASING = YES;
				CLANG_WARN_BOOL_CONVERSION = YES;
				CLANG_WARN_COMMA = YES;
				CLANG_WARN_CONSTANT_CONVERSION = YES;
				CLANG_WARN_DIRECT_OBJC_ISA_USAGE = YES_ERROR;
				CLANG_WARN_DOCUMENTATION_COMMENTS = YES;
				CLANG_WARN_EMPTY_BODY = YES;
				CLANG_WARN_ENUM_CONVERSION = YES;
				CLANG_WARN_INFINITE_RECURSION = YES;
				CLANG_WARN_INT_CONVERSION = YES;
				CLANG_WARN_NON_LITERAL_NULL_CONVERSION = YES;
				CLANG_WARN_OBJC_LITERAL_CONVERSION = YES;
				CLANG_WARN_OBJC_ROOT_CLASS = YES_ERROR;
				CLANG_WARN_RANGE_LOOP_ANALYSIS = YES;
				CLANG_WARN_STRICT_PROTOTYPES = YES;
				CLANG_WARN_SUSPICIOUS_MOVE = YES;
				CLANG_WARN_UNGUARDED_AVAILABILITY = YES_AGGRESSIVE;
				CLANG_WARN_UNREACHABLE_CODE = YES;
				CLANG_WARN__DUPLICATE_METHOD_MATCH = YES;
				CODE_SIGN_IDENTITY = "iPhone Developer";
				COPY_PHASE_STRIP = NO;
				DEBUG_INFORMATION_FORMAT = dwarf;
				ENABLE_STRICT_OBJC_MSGSEND = YES;
				ENABLE_TESTABILITY = YES;
				GCC_C_LANGUAGE_STANDARD = gnu11;
				GCC_DYNAMIC_NO_PIC = NO;
				GCC_NO_COMMON_BLOCKS = YES;
				GCC_OPTIMIZATION_LEVEL = 0;
				GCC_PREPROCESSOR_DEFINITIONS = (
					"DEBUG=1",
					"$(inherited)",
				);
				GCC_WARN_64_TO_32_BIT_CONVERSION = YES;
				GCC_WARN_ABOUT_RETURN_TYPE = YES_ERROR;
				GCC_WARN_UNDECLARED_SELECTOR = YES;
				GCC_WARN_UNINITIALIZED_AUTOS = YES_AGGRESSIVE;
				GCC_WARN_UNUSED_FUNCTION = YES;
				GCC_WARN_UNUSED_VARIABLE = YES;
				IPHONEOS_DEPLOYMENT_TARGET = 11.0;
				MTL_ENABLE_DEBUG_INFO = YES;
				ONLY_ACTIVE_ARCH = YES;
				SDKROOT = iphoneos;
				SWIFT_ACTIVE_COMPILATION_CONDITIONS = DEBUG;
				SWIFT_OPTIMIZATION_LEVEL = "-Onone";
			};
			name = Debug;
		};
		08EE0E401F832C57008A871B /* Release */ = {
			isa = XCBuildConfiguration;
			buildSettings = {
				ALWAYS_SEARCH_USER_PATHS = NO;
				CLANG_ANALYZER_NONNULL = YES;
				CLANG_ANALYZER_NUMBER_OBJECT_CONVERSION = YES_AGGRESSIVE;
				CLANG_CXX_LANGUAGE_STANDARD = "gnu++14";
				CLANG_CXX_LIBRARY = "libc++";
				CLANG_ENABLE_MODULES = YES;
				CLANG_ENABLE_OBJC_ARC = YES;
				CLANG_WARN_BLOCK_CAPTURE_AUTORELEASING = YES;
				CLANG_WARN_BOOL_CONVERSION = YES;
				CLANG_WARN_COMMA = YES;
				CLANG_WARN_CONSTANT_CONVERSION = YES;
				CLANG_WARN_DIRECT_OBJC_ISA_USAGE = YES_ERROR;
				CLANG_WARN_DOCUMENTATION_COMMENTS = YES;
				CLANG_WARN_EMPTY_BODY = YES;
				CLANG_WARN_ENUM_CONVERSION = YES;
				CLANG_WARN_INFINITE_RECURSION = YES;
				CLANG_WARN_INT_CONVERSION = YES;
				CLANG_WARN_NON_LITERAL_NULL_CONVERSION = YES;
				CLANG_WARN_OBJC_LITERAL_CONVERSION = YES;
				CLANG_WARN_OBJC_ROOT_CLASS = YES_ERROR;
				CLANG_WARN_RANGE_LOOP_ANALYSIS = YES;
				CLANG_WARN_STRICT_PROTOTYPES = YES;
				CLANG_WARN_SUSPICIOUS_MOVE = YES;
				CLANG_WARN_UNGUARDED_AVAILABILITY = YES_AGGRESSIVE;
				CLANG_WARN_UNREACHABLE_CODE = YES;
				CLANG_WARN__DUPLICATE_METHOD_MATCH = YES;
				CODE_SIGN_IDENTITY = "iPhone Developer";
				COPY_PHASE_STRIP = NO;
				DEBUG_INFORMATION_FORMAT = "dwarf-with-dsym";
				ENABLE_NS_ASSERTIONS = NO;
				ENABLE_STRICT_OBJC_MSGSEND = YES;
				GCC_C_LANGUAGE_STANDARD = gnu11;
				GCC_NO_COMMON_BLOCKS = YES;
				GCC_WARN_64_TO_32_BIT_CONVERSION = YES;
				GCC_WARN_ABOUT_RETURN_TYPE = YES_ERROR;
				GCC_WARN_UNDECLARED_SELECTOR = YES;
				GCC_WARN_UNINITIALIZED_AUTOS = YES_AGGRESSIVE;
				GCC_WARN_UNUSED_FUNCTION = YES;
				GCC_WARN_UNUSED_VARIABLE = YES;
				IPHONEOS_DEPLOYMENT_TARGET = 11.0;
				MTL_ENABLE_DEBUG_INFO = NO;
				SDKROOT = iphoneos;
				SWIFT_OPTIMIZATION_LEVEL = "-Owholemodule";
				VALIDATE_PRODUCT = YES;
			};
			name = Release;
		};
		08EE0E421F832C57008A871B /* Debug */ = {
			isa = XCBuildConfiguration;
			buildSettings = {
				ASSETCATALOG_COMPILER_APPICON_NAME = AppIcon;
				CODE_SIGN_STYLE = Automatic;
				INFOPLIST_FILE = CityWeather/Info.plist;
				LD_RUNPATH_SEARCH_PATHS = "$(inherited) @executable_path/Frameworks";
				PRODUCT_BUNDLE_IDENTIFIER = whatever.CityWeather;
				PRODUCT_NAME = "$(TARGET_NAME)";
				SWIFT_VERSION = 4.0;
				TARGETED_DEVICE_FAMILY = "1,2";
			};
			name = Debug;
		};
		08EE0E431F832C57008A871B /* Release */ = {
			isa = XCBuildConfiguration;
			buildSettings = {
				ASSETCATALOG_COMPILER_APPICON_NAME = AppIcon;
				CODE_SIGN_STYLE = Automatic;
				INFOPLIST_FILE = CityWeather/Info.plist;
				LD_RUNPATH_SEARCH_PATHS = "$(inherited) @executable_path/Frameworks";
				PRODUCT_BUNDLE_IDENTIFIER = whatever.CityWeather;
				PRODUCT_NAME = "$(TARGET_NAME)";
				SWIFT_VERSION = 4.0;
				TARGETED_DEVICE_FAMILY = "1,2";
			};
			name = Release;
		};
/* End XCBuildConfiguration section */

/* Begin XCConfigurationList section */
		08EE0E2A1F832C57008A871B /* Build configuration list for PBXProject "CityWeather" */ = {
			isa = XCConfigurationList;
			buildConfigurations = (
				08EE0E3F1F832C57008A871B /* Debug */,
				08EE0E401F832C57008A871B /* Release */,
			);
			defaultConfigurationIsVisible = 0;
			defaultConfigurationName = Release;
		};
		08EE0E411F832C57008A871B /* Build configuration list for PBXNativeTarget "CityWeather" */ = {
			isa = XCConfigurationList;
			buildConfigurations = (
				08EE0E421F832C57008A871B /* Debug */,
				08EE0E431F832C57008A871B /* Release */,
			);
			defaultConfigurationIsVisible = 0;
			defaultConfigurationName = Release;
		};
/* End XCConfigurationList section */
	};
	rootObject = 08EE0E271F832C57008A871B /* Project object */;
}
